// !$*UTF8*$!
{
	archiveVersion = 1;
	classes = {
	};
	objectVersion = 46;
	objects = {

/* Begin PBXBuildFile section */
		00528BB519E02636004883F2 /* AppDelegate.swift in Sources */ = {isa = PBXBuildFile; fileRef = 00528BB419E02636004883F2 /* AppDelegate.swift */; };
		00528BB719E02636004883F2 /* ViewController.swift in Sources */ = {isa = PBXBuildFile; fileRef = 00528BB619E02636004883F2 /* ViewController.swift */; };
		00528BBA19E02637004883F2 /* Main.storyboard in Resources */ = {isa = PBXBuildFile; fileRef = 00528BB819E02637004883F2 /* Main.storyboard */; };
		00528BBC19E02637004883F2 /* Images.xcassets in Resources */ = {isa = PBXBuildFile; fileRef = 00528BBB19E02637004883F2 /* Images.xcassets */; };
		00528BBF19E02637004883F2 /* LaunchScreen.xib in Resources */ = {isa = PBXBuildFile; fileRef = 00528BBD19E02637004883F2 /* LaunchScreen.xib */; };
		00528BCB19E02637004883F2 /* ShoeConverterTests.swift in Sources */ = {isa = PBXBuildFile; fileRef = 00528BCA19E02637004883F2 /* ShoeConverterTests.swift */; };
/* End PBXBuildFile section */

/* Begin PBXContainerItemProxy section */
		00528BC519E02637004883F2 /* PBXContainerItemProxy */ = {
			isa = PBXContainerItemProxy;
			containerPortal = 00528BA719E02636004883F2 /* Project object */;
			proxyType = 1;
			remoteGlobalIDString = 00528BAE19E02636004883F2;
			remoteInfo = ShoeConverter;
		};
/* End PBXContainerItemProxy section */

/* Begin PBXFileReference section */
		00528BAF19E02636004883F2 /* ShoeConverter.app */ = {isa = PBXFileReference; explicitFileType = wrapper.application; includeInIndex = 0; path = ShoeConverter.app; sourceTree = BUILT_PRODUCTS_DIR; };
		00528BB319E02636004883F2 /* Info.plist */ = {isa = PBXFileReference; lastKnownFileType = text.plist.xml; path = Info.plist; sourceTree = "<group>"; };
		00528BB419E02636004883F2 /* AppDelegate.swift */ = {isa = PBXFileReference; lastKnownFileType = sourcecode.swift; path = AppDelegate.swift; sourceTree = "<group>"; };
		00528BB619E02636004883F2 /* ViewController.swift */ = {isa = PBXFileReference; lastKnownFileType = sourcecode.swift; path = ViewController.swift; sourceTree = "<group>"; };
		00528BB919E02637004883F2 /* Base */ = {isa = PBXFileReference; lastKnownFileType = file.storyboard; name = Base; path = Base.lproj/Main.storyboard; sourceTree = "<group>"; };
		00528BBB19E02637004883F2 /* Images.xcassets */ = {isa = PBXFileReference; lastKnownFileType = folder.assetcatalog; path = Images.xcassets; sourceTree = "<group>"; };
		00528BBE19E02637004883F2 /* Base */ = {isa = PBXFileReference; lastKnownFileType = file.xib; name = Base; path = Base.lproj/LaunchScreen.xib; sourceTree = "<group>"; };
		00528BC419E02637004883F2 /* ShoeConverterTests.xctest */ = {isa = PBXFileReference; explicitFileType = wrapper.cfbundle; includeInIndex = 0; path = ShoeConverterTests.xctest; sourceTree = BUILT_PRODUCTS_DIR; };
		00528BC919E02637004883F2 /* Info.plist */ = {isa = PBXFileReference; lastKnownFileType = text.plist.xml; path = Info.plist; sourceTree = "<group>"; };
		00528BCA19E02637004883F2 /* ShoeConverterTests.swift */ = {isa = PBXFileReference; lastKnownFileType = sourcecode.swift; path = ShoeConverterTests.swift; sourceTree = "<group>"; };
/* End PBXFileReference section */

/* Begin PBXFrameworksBuildPhase section */
		00528BAC19E02636004883F2 /* Frameworks */ = {
			isa = PBXFrameworksBuildPhase;
			buildActionMask = 2147483647;
			files = (
			);
			runOnlyForDeploymentPostprocessing = 0;
		};
		00528BC119E02637004883F2 /* Frameworks */ = {
			isa = PBXFrameworksBuildPhase;
			buildActionMask = 2147483647;
			files = (
			);
			runOnlyForDeploymentPostprocessing = 0;
		};
/* End PBXFrameworksBuildPhase section */

/* Begin PBXGroup section */
		00528BA619E02636004883F2 = {
			isa = PBXGroup;
			children = (
				00528BB119E02636004883F2 /* ShoeConverter */,
				00528BC719E02637004883F2 /* ShoeConverterTests */,
				00528BB019E02636004883F2 /* Products */,
			);
			sourceTree = "<group>";
		};
		00528BB019E02636004883F2 /* Products */ = {
			isa = PBXGroup;
			children = (
				00528BAF19E02636004883F2 /* ShoeConverter.app */,
				00528BC419E02637004883F2 /* ShoeConverterTests.xctest */,
			);
			name = Products;
			sourceTree = "<group>";
		};
		00528BB119E02636004883F2 /* ShoeConverter */ = {
			isa = PBXGroup;
			children = (
				00528BB419E02636004883F2 /* AppDelegate.swift */,
				00528BB619E02636004883F2 /* ViewController.swift */,
				00528BB819E02637004883F2 /* Main.storyboard */,
				00528BBB19E02637004883F2 /* Images.xcassets */,
				00528BBD19E02637004883F2 /* LaunchScreen.xib */,
				00528BB219E02636004883F2 /* Supporting Files */,
			);
			path = ShoeConverter;
			sourceTree = "<group>";
		};
		00528BB219E02636004883F2 /* Supporting Files */ = {
			isa = PBXGroup;
			children = (
				00528BB319E02636004883F2 /* Info.plist */,
			);
			name = "Supporting Files";
			sourceTree = "<group>";
		};
		00528BC719E02637004883F2 /* ShoeConverterTests */ = {
			isa = PBXGroup;
			children = (
				00528BCA19E02637004883F2 /* ShoeConverterTests.swift */,
				00528BC819E02637004883F2 /* Supporting Files */,
			);
			path = ShoeConverterTests;
			sourceTree = "<group>";
		};
		00528BC819E02637004883F2 /* Supporting Files */ = {
			isa = PBXGroup;
			children = (
				00528BC919E02637004883F2 /* Info.plist */,
			);
			name = "Supporting Files";
			sourceTree = "<group>";
		};
/* End PBXGroup section */

/* Begin PBXNativeTarget section */
		00528BAE19E02636004883F2 /* ShoeConverter */ = {
			isa = PBXNativeTarget;
			buildConfigurationList = 00528BCE19E02637004883F2 /* Build configuration list for PBXNativeTarget "ShoeConverter" */;
			buildPhases = (
				00528BAB19E02636004883F2 /* Sources */,
				00528BAC19E02636004883F2 /* Frameworks */,
				00528BAD19E02636004883F2 /* Resources */,
			);
			buildRules = (
			);
			dependencies = (
			);
			name = ShoeConverter;
			productName = ShoeConverter;
			productReference = 00528BAF19E02636004883F2 /* ShoeConverter.app */;
			productType = "com.apple.product-type.application";
		};
		00528BC319E02637004883F2 /* ShoeConverterTests */ = {
			isa = PBXNativeTarget;
			buildConfigurationList = 00528BD119E02637004883F2 /* Build configuration list for PBXNativeTarget "ShoeConverterTests" */;
			buildPhases = (
				00528BC019E02637004883F2 /* Sources */,
				00528BC119E02637004883F2 /* Frameworks */,
				00528BC219E02637004883F2 /* Resources */,
			);
			buildRules = (
			);
			dependencies = (
				00528BC619E02637004883F2 /* PBXTargetDependency */,
			);
			name = ShoeConverterTests;
			productName = ShoeConverterTests;
			productReference = 00528BC419E02637004883F2 /* ShoeConverterTests.xctest */;
			productType = "com.apple.product-type.bundle.unit-test";
		};
/* End PBXNativeTarget section */

/* Begin PBXProject section */
		00528BA719E02636004883F2 /* Project object */ = {
			isa = PBXProject;
			attributes = {
				LastUpgradeCheck = 0600;
				ORGANIZATIONNAME = "Grand Thunder";
				TargetAttributes = {
					00528BAE19E02636004883F2 = {
						CreatedOnToolsVersion = 6.0.1;
					};
					00528BC319E02637004883F2 = {
						CreatedOnToolsVersion = 6.0.1;
						TestTargetID = 00528BAE19E02636004883F2;
					};
				};
			};
			buildConfigurationList = 00528BAA19E02636004883F2 /* Build configuration list for PBXProject "ShoeConverter" */;
			compatibilityVersion = "Xcode 3.2";
			developmentRegion = English;
			hasScannedForEncodings = 0;
			knownRegions = (
				en,
				Base,
			);
			mainGroup = 00528BA619E02636004883F2;
			productRefGroup = 00528BB019E02636004883F2 /* Products */;
			projectDirPath = "";
			projectRoot = "";
			targets = (
				00528BAE19E02636004883F2 /* ShoeConverter */,
				00528BC319E02637004883F2 /* ShoeConverterTests */,
			);
		};
/* End PBXProject section */

/* Begin PBXResourcesBuildPhase section */
		00528BAD19E02636004883F2 /* Resources */ = {
			isa = PBXResourcesBuildPhase;
			buildActionMask = 2147483647;
			files = (
				00528BBA19E02637004883F2 /* Main.storyboard in Resources */,
				00528BBF19E02637004883F2 /* LaunchScreen.xib in Resources */,
				00528BBC19E02637004883F2 /* Images.xcassets in Resources */,
			);
			runOnlyForDeploymentPostprocessing = 0;
		};
		00528BC219E02637004883F2 /* Resources */ = {
			isa = PBXResourcesBuildPhase;
			buildActionMask = 2147483647;
			files = (
			);
			runOnlyForDeploymentPostprocessing = 0;
		};
/* End PBXResourcesBuildPhase section */

/* Begin PBXSourcesBuildPhase section */
		00528BAB19E02636004883F2 /* Sources */ = {
			isa = PBXSourcesBuildPhase;
			buildActionMask = 2147483647;
			files = (
				00528BB719E02636004883F2 /* ViewController.swift in Sources */,
				00528BB519E02636004883F2 /* AppDelegate.swift in Sources */,
			);
			runOnlyForDeploymentPostprocessing = 0;
		};
		00528BC019E02637004883F2 /* Sources */ = {
			isa = PBXSourcesBuildPhase;
			buildActionMask = 2147483647;
			files = (
				00528BCB19E02637004883F2 /* ShoeConverterTests.swift in Sources */,
			);
			runOnlyForDeploymentPostprocessing = 0;
		};
/* End PBXSourcesBuildPhase section */

/* Begin PBXTargetDependency section */
		00528BC619E02637004883F2 /* PBXTargetDependency */ = {
			isa = PBXTargetDependency;
			target = 00528BAE19E02636004883F2 /* ShoeConverter */;
			targetProxy = 00528BC519E02637004883F2 /* PBXContainerItemProxy */;
		};
/* End PBXTargetDependency section */

/* Begin PBXVariantGroup section */
		00528BB819E02637004883F2 /* Main.storyboard */ = {
			isa = PBXVariantGroup;
			children = (
				00528BB919E02637004883F2 /* Base */,
			);
			name = Main.storyboard;
			sourceTree = "<group>";
		};
		00528BBD19E02637004883F2 /* LaunchScreen.xib */ = {
			isa = PBXVariantGroup;
			children = (
				00528BBE19E02637004883F2 /* Base */,
			);
			name = LaunchScreen.xib;
			sourceTree = "<group>";
		};
/* End PBXVariantGroup section */

/* Begin XCBuildConfiguration section */
		00528BCC19E02637004883F2 /* Debug */ = {
			isa = XCBuildConfiguration;
			buildSettings = {
				ALWAYS_SEARCH_USER_PATHS = NO;
				CLANG_CXX_LANGUAGE_STANDARD = "gnu++0x";
				CLANG_CXX_LIBRARY = "libc++";
				CLANG_ENABLE_MODULES = YES;
				CLANG_ENABLE_OBJC_ARC = YES;
				CLANG_WARN_BOOL_CONVERSION = YES;
				CLANG_WARN_CONSTANT_CONVERSION = YES;
				CLANG_WARN_DIRECT_OBJC_ISA_USAGE = YES_ERROR;
				CLANG_WARN_EMPTY_BODY = YES;
				CLANG_WARN_ENUM_CONVERSION = YES;
				CLANG_WARN_INT_CONVERSION = YES;
				CLANG_WARN_OBJC_ROOT_CLASS = YES_ERROR;
				CLANG_WARN_UNREACHABLE_CODE = YES;
				CLANG_WARN__DUPLICATE_METHOD_MATCH = YES;
				"CODE_SIGN_IDENTITY[sdk=iphoneos*]" = "iPhone Developer";
				COPY_PHASE_STRIP = NO;
				ENABLE_STRICT_OBJC_MSGSEND = YES;
				GCC_C_LANGUAGE_STANDARD = gnu99;
				GCC_DYNAMIC_NO_PIC = NO;
				GCC_OPTIMIZATION_LEVEL = 0;
				GCC_PREPROCESSOR_DEFINITIONS = (
					"DEBUG=1",
					"$(inherited)",
				);
				GCC_SYMBOLS_PRIVATE_EXTERN = NO;
				GCC_WARN_64_TO_32_BIT_CONVERSION = YES;
				GCC_WARN_ABOUT_RETURN_TYPE = YES_ERROR;
				GCC_WARN_UNDECLARED_SELECTOR = YES;
				GCC_WARN_UNINITIALIZED_AUTOS = YES_AGGRESSIVE;
				GCC_WARN_UNUSED_FUNCTION = YES;
				GCC_WARN_UNUSED_VARIABLE = YES;
				IPHONEOS_DEPLOYMENT_TARGET = 8.0;
				MTL_ENABLE_DEBUG_INFO = YES;
				ONLY_ACTIVE_ARCH = YES;
				SDKROOT = iphoneos;
				SWIFT_OPTIMIZATION_LEVEL = "-Onone";
				TARGETED_DEVICE_FAMILY = "1,2";
			};
			name = Debug;
		};
		00528BCD19E02637004883F2 /* Release */ = {
			isa = XCBuildConfiguration;
			buildSettings = {
				ALWAYS_SEARCH_USER_PATHS = NO;
				CLANG_CXX_LANGUAGE_STANDARD = "gnu++0x";
				CLANG_CXX_LIBRARY = "libc++";
				CLANG_ENABLE_MODULES = YES;
				CLANG_ENABLE_OBJC_ARC = YES;
				CLANG_WARN_BOOL_CONVERSION = YES;
				CLANG_WARN_CONSTANT_CONVERSION = YES;
				CLANG_WARN_DIRECT_OBJC_ISA_USAGE = YES_ERROR;
				CLANG_WARN_EMPTY_BODY = YES;
				CLANG_WARN_ENUM_CONVERSION = YES;
				CLANG_WARN_INT_CONVERSION = YES;
				CLANG_WARN_OBJC_ROOT_CLASS = YES_ERROR;
				CLANG_WARN_UNREACHABLE_CODE = YES;
				CLANG_WARN__DUPLICATE_METHOD_MATCH = YES;
				"CODE_SIGN_IDENTITY[sdk=iphoneos*]" = "iPhone Developer";
				COPY_PHASE_STRIP = YES;
				ENABLE_NS_ASSERTIONS = NO;
				ENABLE_STRICT_OBJC_MSGSEND = YES;
				GCC_C_LANGUAGE_STANDARD = gnu99;
				GCC_WARN_64_TO_32_BIT_CONVERSION = YES;
				GCC_WARN_ABOUT_RETURN_TYPE = YES_ERROR;
				GCC_WARN_UNDECLARED_SELECTOR = YES;
				GCC_WARN_UNINITIALIZED_AUTOS = YES_AGGRESSIVE;
				GCC_WARN_UNUSED_FUNCTION = YES;
				GCC_WARN_UNUSED_VARIABLE = YES;
				IPHONEOS_DEPLOYMENT_TARGET = 8.0;
				MTL_ENABLE_DEBUG_INFO = NO;
				SDKROOT = iphoneos;
				TARGETED_DEVICE_FAMILY = "1,2";
				VALIDATE_PRODUCT = YES;
			};
			name = Release;
		};
		00528BCF19E02637004883F2 /* Debug */ = {
			isa = XCBuildConfiguration;
			buildSettings = {
				ASSETCATALOG_COMPILER_APPICON_NAME = AppIcon;
				INFOPLIST_FILE = ShoeConverter/Info.plist;
				LD_RUNPATH_SEARCH_PATHS = "$(inherited) @executable_path/Frameworks";
				PRODUCT_NAME = "$(TARGET_NAME)";
			};
			name = Debug;
		};
		00528BD019E02637004883F2 /* Release */ = {
			isa = XCBuildConfiguration;
			buildSettings = {
				ASSETCATALOG_COMPILER_APPICON_NAME = AppIcon;
				INFOPLIST_FILE = ShoeConverter/Info.plist;
				LD_RUNPATH_SEARCH_PATHS = "$(inherited) @executable_path/Frameworks";
				PRODUCT_NAME = "$(TARGET_NAME)";
			};
			name = Release;
		};
		00528BD219E02637004883F2 /* Debug */ = {
			isa = XCBuildConfiguration;
			buildSettings = {
				BUNDLE_LOADER = "$(TEST_HOST)";
				FRAMEWORK_SEARCH_PATHS = (
					"$(SDKROOT)/Developer/Library/Frameworks",
					"$(inherited)",
				);
				GCC_PREPROCESSOR_DEFINITIONS = (
					"DEBUG=1",
					"$(inherited)",
				);
				INFOPLIST_FILE = ShoeConverterTests/Info.plist;
				LD_RUNPATH_SEARCH_PATHS = "$(inherited) @executable_path/Frameworks @loader_path/Frameworks";
				PRODUCT_NAME = "$(TARGET_NAME)";
				TEST_HOST = "$(BUILT_PRODUCTS_DIR)/ShoeConverter.app/ShoeConverter";
			};
			name = Debug;
		};
		00528BD319E02637004883F2 /* Release */ = {
			isa = XCBuildConfiguration;
			buildSettings = {
				BUNDLE_LOADER = "$(TEST_HOST)";
				FRAMEWORK_SEARCH_PATHS = (
					"$(SDKROOT)/Developer/Library/Frameworks",
					"$(inherited)",
				);
				INFOPLIST_FILE = ShoeConverterTests/Info.plist;
				LD_RUNPATH_SEARCH_PATHS = "$(inherited) @executable_path/Frameworks @loader_path/Frameworks";
				PRODUCT_NAME = "$(TARGET_NAME)";
				TEST_HOST = "$(BUILT_PRODUCTS_DIR)/ShoeConverter.app/ShoeConverter";
			};
			name = Release;
		};
/* End XCBuildConfiguration section */

/* Begin XCConfigurationList section */
		00528BAA19E02636004883F2 /* Build configuration list for PBXProject "ShoeConverter" */ = {
			isa = XCConfigurationList;
			buildConfigurations = (
				00528BCC19E02637004883F2 /* Debug */,
				00528BCD19E02637004883F2 /* Release */,
			);
			defaultConfigurationIsVisible = 0;
			defaultConfigurationName = Release;
		};
		00528BCE19E02637004883F2 /* Build configuration list for PBXNativeTarget "ShoeConverter" */ = {
			isa = XCConfigurationList;
			buildConfigurations = (
				00528BCF19E02637004883F2 /* Debug */,
				00528BD019E02637004883F2 /* Release */,
			);
			defaultConfigurationIsVisible = 0;
		};
		00528BD119E02637004883F2 /* Build configuration list for PBXNativeTarget "ShoeConverterTests" */ = {
			isa = XCConfigurationList;
			buildConfigurations = (
				00528BD219E02637004883F2 /* Debug */,
				00528BD319E02637004883F2 /* Release */,
			);
			defaultConfigurationIsVisible = 0;
		};
/* End XCConfigurationList section */
	};
	rootObject = 00528BA719E02636004883F2 /* Project object */;
}
